
Microsoft Visual Studio Solution File, Format Version 12.00
# Visual Studio Version 17
VisualStudioVersion = 17.0.31903.59
MinimumVisualStudioVersion = 10.0.40219.1
Project("{2150E333-8FDC-42A3-9474-1A3956D46DE8}") = "src", "src", "{AE4C99D1-1037-457C-94FE-FEA9C4266EA7}"
EndProject
Project("{FAE04EC0-301F-11D3-BF4B-00C04F79EFBC}") = "BomAddIn.Infrastructure", "src\BomAddIn.Infrastructure\BomAddIn.Infrastructure.csproj", "{94700E8B-05CA-43B5-AA00-0F5F081C6675}"
EndProject
Project("{FAE04EC0-301F-11D3-BF4B-00C04F79EFBC}") = "BomAddIn.Data", "src\BomAddIn.Data\BomAddIn.Data.csproj", "{DE5AB17C-2160-40B0-BE3D-651303C4354E}"
EndProject
Project("{FAE04EC0-301F-11D3-BF4B-00C04F79EFBC}") = "BomAddIn.Core", "src\BomAddIn.Core\BomAddIn.Core.csproj", "{6AB301AE-36E9-4AD0-A5A3-3912CBF16524}"
EndProject
Project("{FAE04EC0-301F-11D3-BF4B-00C04F79EFBC}") = "BomAddIn", "src\BomAddIn\BomAddIn.csproj", "{50F9A9A4-E163-4E3A-9178-EFFD2C006805}"
EndProject
Project("{2150E333-8FDC-42A3-9474-1A3956D46DE8}") = "tests", "tests", "{9A055C07-6705-4F24-B30A-27F1FD1C1D9B}"
EndProject
Project("{FAE04EC0-301F-11D3-BF4B-00C04F79EFBC}") = "BomAddIn.UnitTests", "tests\BomAddIn.UnitTests\BomAddIn.UnitTests.csproj", "{8CD52D58-4476-4E65-9ABF-F1AB610D9CAB}"
EndProject
Project("{FAE04EC0-301F-11D3-BF4B-00C04F79EFBC}") = "BomAddIn.IntegrationTests", "tests\BomAddIn.IntegrationTests\BomAddIn.IntegrationTests.csproj", "{DF0ACB77-4F89-4A33-848A-BA620EC365D5}"
EndProject
Project("{FAE04EC0-301F-11D3-BF4B-00C04F79EFBC}") = "BomAddIn.ThreadingTests", "tests\BomAddIn.ThreadingTests\BomAddIn.ThreadingTests.csproj", "{197FD106-7311-4A1E-A341-CEB79B0489C7}"
EndProject
Project("{FAE04EC0-301F-11D3-BF4B-00C04F79EFBC}") = "BomAddIn.PerformanceTests", "tests\BomAddIn.PerformanceTests\BomAddIn.PerformanceTests.csproj", "{7180028C-432F-491B-AB1F-DECBECC95805}"
EndProject
Project("{2150E333-8FDC-42A3-9474-1A3956D46DE8}") = "tools", "tools", "{0927985F-4437-4A81-A7DB-B0F74E5CE8E9}"
EndProject
Project("{FAE04EC0-301F-11D3-BF4B-00C04F79EFBC}") = "BomAddIn.Diagnostic", "tools\BomAddIn.Diagnostic\BomAddIn.Diagnostic.csproj", "{AD950320-A24C-4BB9-8AD2-1931C830D7C6}"
EndProject
Global
	GlobalSection(SolutionConfigurationPlatforms) = preSolution
		Debug|Any CPU = Debug|Any CPU
		Release|Any CPU = Release|Any CPU
	EndGlobalSection
	GlobalSection(SolutionProperties) = preSolution
		HideSolutionNode = FALSE
	EndGlobalSection
	GlobalSection(ProjectConfigurationPlatforms) = postSolution
		{94700E8B-05CA-43B5-AA00-0F5F081C6675}.Debug|Any CPU.ActiveCfg = Debug|Any CPU
		{94700E8B-05CA-43B5-AA00-0F5F081C6675}.Debug|Any CPU.Build.0 = Debug|Any CPU
		{94700E8B-05CA-43B5-AA00-0F5F081C6675}.Release|Any CPU.ActiveCfg = Release|Any CPU
		{94700E8B-05CA-43B5-AA00-0F5F081C6675}.Release|Any CPU.Build.0 = Release|Any CPU
		{DE5AB17C-2160-40B0-BE3D-651303C4354E}.Debug|Any CPU.ActiveCfg = Debug|Any CPU
		{DE5AB17C-2160-40B0-BE3D-651303C4354E}.Debug|Any CPU.Build.0 = Debug|Any CPU
		{DE5AB17C-2160-40B0-BE3D-651303C4354E}.Release|Any CPU.ActiveCfg = Release|Any CPU
		{DE5AB17C-2160-40B0-BE3D-651303C4354E}.Release|Any CPU.Build.0 = Release|Any CPU
		{6AB301AE-36E9-4AD0-A5A3-3912CBF16524}.Debug|Any CPU.ActiveCfg = Debug|Any CPU
		{6AB301AE-36E9-4AD0-A5A3-3912CBF16524}.Debug|Any CPU.Build.0 = Debug|Any CPU
		{6AB301AE-36E9-4AD0-A5A3-3912CBF16524}.Release|Any CPU.ActiveCfg = Release|Any CPU
		{6AB301AE-36E9-4AD0-A5A3-3912CBF16524}.Release|Any CPU.Build.0 = Release|Any CPU
		{50F9A9A4-E163-4E3A-9178-EFFD2C006805}.Debug|Any CPU.ActiveCfg = Debug|Any CPU
		{50F9A9A4-E163-4E3A-9178-EFFD2C006805}.Debug|Any CPU.Build.0 = Debug|Any CPU
		{50F9A9A4-E163-4E3A-9178-EFFD2C006805}.Release|Any CPU.ActiveCfg = Release|Any CPU
		{50F9A9A4-E163-4E3A-9178-EFFD2C006805}.Release|Any CPU.Build.0 = Release|Any CPU
		{8CD52D58-4476-4E65-9ABF-F1AB610D9CAB}.Debug|Any CPU.ActiveCfg = Debug|Any CPU
		{8CD52D58-4476-4E65-9ABF-F1AB610D9CAB}.Debug|Any CPU.Build.0 = Debug|Any CPU
		{8CD52D58-4476-4E65-9ABF-F1AB610D9CAB}.Release|Any CPU.ActiveCfg = Release|Any CPU
		{8CD52D58-4476-4E65-9ABF-F1AB610D9CAB}.Release|Any CPU.Build.0 = Release|Any CPU
		{DF0ACB77-4F89-4A33-848A-BA620EC365D5}.Debug|Any CPU.ActiveCfg = Debug|Any CPU
		{DF0ACB77-4F89-4A33-848A-BA620EC365D5}.Debug|Any CPU.Build.0 = Debug|Any CPU
		{DF0ACB77-4F89-4A33-848A-BA620EC365D5}.Release|Any CPU.ActiveCfg = Release|Any CPU
		{DF0ACB77-4F89-4A33-848A-BA620EC365D5}.Release|Any CPU.Build.0 = Release|Any CPU
		{197FD106-7311-4A1E-A341-CEB79B0489C7}.Debug|Any CPU.ActiveCfg = Debug|Any CPU
		{197FD106-7311-4A1E-A341-CEB79B0489C7}.Debug|Any CPU.Build.0 = Debug|Any CPU
		{197FD106-7311-4A1E-A341-CEB79B0489C7}.Release|Any CPU.ActiveCfg = Release|Any CPU
		{197FD106-7311-4A1E-A341-CEB79B0489C7}.Release|Any CPU.Build.0 = Release|Any CPU
		{7180028C-432F-491B-AB1F-DECBECC95805}.Debug|Any CPU.ActiveCfg = Debug|Any CPU
		{7180028C-432F-491B-AB1F-DECBECC95805}.Debug|Any CPU.Build.0 = Debug|Any CPU
		{7180028C-432F-491B-AB1F-DECBECC95805}.Release|Any CPU.ActiveCfg = Release|Any CPU
		{7180028C-432F-491B-AB1F-DECBECC95805}.Release|Any CPU.Build.0 = Release|Any CPU
		{AD950320-A24C-4BB9-8AD2-1931C830D7C6}.Debug|Any CPU.ActiveCfg = Debug|Any CPU
		{AD950320-A24C-4BB9-8AD2-1931C830D7C6}.Debug|Any CPU.Build.0 = Debug|Any CPU
		{AD950320-A24C-4BB9-8AD2-1931C830D7C6}.Release|Any CPU.ActiveCfg = Release|Any CPU
		{AD950320-A24C-4BB9-8AD2-1931C830D7C6}.Release|Any CPU.Build.0 = Release|Any CPU
	EndGlobalSection
	GlobalSection(NestedProjects) = preSolution
		{94700E8B-05CA-43B5-AA00-0F5F081C6675} = {AE4C99D1-1037-457C-94FE-FEA9C4266EA7}
		{DE5AB17C-2160-40B0-BE3D-651303C4354E} = {AE4C99D1-1037-457C-94FE-FEA9C4266EA7}
		{6AB301AE-36E9-4AD0-A5A3-3912CBF16524} = {AE4C99D1-1037-457C-94FE-FEA9C4266EA7}
		{50F9A9A4-E163-4E3A-9178-EFFD2C006805} = {AE4C99D1-1037-457C-94FE-FEA9C4266EA7}
		{8CD52D58-4476-4E65-9ABF-F1AB610D9CAB} = {9A055C07-6705-4F24-B30A-27F1FD1C1D9B}
		{DF0ACB77-4F89-4A33-848A-BA620EC365D5} = {9A055C07-6705-4F24-B30A-27F1FD1C1D9B}
		{197FD106-7311-4A1E-A341-CEB79B0489C7} = {9A055C07-6705-4F24-B30A-27F1FD1C1D9B}
		{7180028C-432F-491B-AB1F-DECBECC95805} = {9A055C07-6705-4F24-B30A-27F1FD1C1D9B}
		{AD950320-A24C-4BB9-8AD2-1931C830D7C6} = {0927985F-4437-4A81-A7DB-B0F74E5CE8E9}
	EndGlobalSection
EndGlobal
